
Microsoft Visual Studio Solution File, Format Version 12.00
# Visual Studio Version 17
VisualStudioVersion = 17.14.37012.4 d17.14
MinimumVisualStudioVersion = 10.0.40219.1
Project("{FAE04EC0-301F-11D3-BF4B-00C04F79EFBC}") = "teste-break", "teste-break\teste-break.csproj", "{3E2E7D6F-F27A-48EF-9CCD-18F2BF11C34A}"
EndProject
Global
	GlobalSection(SolutionConfigurationPlatforms) = preSolution
		Debug|Any CPU = Debug|Any CPU
		Release|Any CPU = Release|Any CPU
	EndGlobalSection
	GlobalSection(ProjectConfigurationPlatforms) = postSolution
		{3E2E7D6F-F27A-48EF-9CCD-18F2BF11C34A}.Debug|Any CPU.ActiveCfg = Debug|Any CPU
		{3E2E7D6F-F27A-48EF-9CCD-18F2BF11C34A}.Debug|Any CPU.Build.0 = Debug|Any CPU
		{3E2E7D6F-F27A-48EF-9CCD-18F2BF11C34A}.Release|Any CPU.ActiveCfg = Release|Any CPU
		{3E2E7D6F-F27A-48EF-9CCD-18F2BF11C34A}.Release|Any CPU.Build.0 = Release|Any CPU
	EndGlobalSection
	GlobalSection(SolutionProperties) = preSolution
		HideSolutionNode = FALSE
	EndGlobalSection
	GlobalSection(ExtensibilityGlobals) = postSolution
		SolutionGuid = {C343943E-B041-4B07-B101-E4EF180D6013}
	EndGlobalSection
EndGlobal
